dependencies:
  espressif/bdc_motor:
    component_hash: 9292b605cfd390ff62225caa93e02700b86377e6a3156620192e4876dcf87b27
    source:
      service_url: https://api.components.espressif.com/
      type: service
    version: 0.1.0
  idf:
    component_hash: null
    source:
      type: idf
    version: 5.1.0
manifest_hash: ee8c2f71a271c17ab27fa4cf5fe7a902ad6ccbb5f5eb77fe9bc87e3355b53c90
target: esp32
version: 1.0.0
